
Microsoft Visual Studio Solution File, Format Version 12.00
# Visual Studio Version 17
VisualStudioVersion = 17.7.34221.43
MinimumVisualStudioVersion = 10.0.40219.1
Project("{FAE04EC0-301F-11D3-BF4B-00C04F79EFBC}") = "launcher", "launcher\launcher.csproj", "{B7E42E28-FEE9-446E-BF0C-F8C53FD13A38}"
EndProject
Global
	GlobalSection(SolutionConfigurationPlatforms) = preSolution
		Debug|Any CPU = Debug|Any CPU
		Release|Any CPU = Release|Any CPU
	EndGlobalSection
	GlobalSection(ProjectConfigurationPlatforms) = postSolution
		{B7E42E28-FEE9-446E-BF0C-F8C53FD13A38}.Debug|Any CPU.ActiveCfg = Debug|Any CPU
		{B7E42E28-FEE9-446E-BF0C-F8C53FD13A38}.Debug|Any CPU.Build.0 = Debug|Any CPU
		{B7E42E28-FEE9-446E-BF0C-F8C53FD13A38}.Release|Any CPU.ActiveCfg = Release|Any CPU
		{B7E42E28-FEE9-446E-BF0C-F8C53FD13A38}.Release|Any CPU.Build.0 = Release|Any CPU
	EndGlobalSection
	GlobalSection(SolutionProperties) = preSolution
		HideSolutionNode = FALSE
	EndGlobalSection
	GlobalSection(ExtensibilityGlobals) = postSolution
		SolutionGuid = {F5DB5D59-AE19-41C8-8FCA-0A97686F9CC6}
	EndGlobalSection
EndGlobal
